
Microsoft Visual Studio Solution File, Format Version 12.00
# Visual Studio 2013
VisualStudioVersion = 12.0.21005.1
MinimumVisualStudioVersion = 10.0.40219.1
Project("{FAE04EC0-301F-11D3-BF4B-00C04F79EFBC}") = "OrcamentoData", "OrcamentoData\OrcamentoData.csproj", "{7593669D-19D8-4310-B670-DE2BE5D8F341}"
EndProject
Project("{FAE04EC0-301F-11D3-BF4B-00C04F79EFBC}") = "OrcamentoRepository", "OrcamentoRepository\OrcamentoRepository.csproj", "{A0330EA8-1E37-4884-9E2D-FCE64A3F01F5}"
EndProject
Project("{FAE04EC0-301F-11D3-BF4B-00C04F79EFBC}") = "Conexao", "Conexao\Conexao.csproj", "{F04EB158-3E77-4950-B062-A99158BE7ACA}"
EndProject
Project("{FAE04EC0-301F-11D3-BF4B-00C04F79EFBC}") = "OrcamentoUI", "OrcamentoUI\OrcamentoUI.csproj", "{80D4CB9A-2CF1-4867-89B5-695EEB54C532}"
EndProject
Global
	GlobalSection(SolutionConfigurationPlatforms) = preSolution
		Debug|Any CPU = Debug|Any CPU
		Release|Any CPU = Release|Any CPU
	EndGlobalSection
	GlobalSection(ProjectConfigurationPlatforms) = postSolution
		{7593669D-19D8-4310-B670-DE2BE5D8F341}.Debug|Any CPU.ActiveCfg = Debug|Any CPU
		{7593669D-19D8-4310-B670-DE2BE5D8F341}.Debug|Any CPU.Build.0 = Debug|Any CPU
		{7593669D-19D8-4310-B670-DE2BE5D8F341}.Release|Any CPU.ActiveCfg = Release|Any CPU
		{7593669D-19D8-4310-B670-DE2BE5D8F341}.Release|Any CPU.Build.0 = Release|Any CPU
		{A0330EA8-1E37-4884-9E2D-FCE64A3F01F5}.Debug|Any CPU.ActiveCfg = Debug|Any CPU
		{A0330EA8-1E37-4884-9E2D-FCE64A3F01F5}.Debug|Any CPU.Build.0 = Debug|Any CPU
		{A0330EA8-1E37-4884-9E2D-FCE64A3F01F5}.Release|Any CPU.ActiveCfg = Release|Any CPU
		{A0330EA8-1E37-4884-9E2D-FCE64A3F01F5}.Release|Any CPU.Build.0 = Release|Any CPU
		{F04EB158-3E77-4950-B062-A99158BE7ACA}.Debug|Any CPU.ActiveCfg = Debug|Any CPU
		{F04EB158-3E77-4950-B062-A99158BE7ACA}.Debug|Any CPU.Build.0 = Debug|Any CPU
		{F04EB158-3E77-4950-B062-A99158BE7ACA}.Release|Any CPU.ActiveCfg = Release|Any CPU
		{F04EB158-3E77-4950-B062-A99158BE7ACA}.Release|Any CPU.Build.0 = Release|Any CPU
		{80D4CB9A-2CF1-4867-89B5-695EEB54C532}.Debug|Any CPU.ActiveCfg = Debug|Any CPU
		{80D4CB9A-2CF1-4867-89B5-695EEB54C532}.Debug|Any CPU.Build.0 = Debug|Any CPU
		{80D4CB9A-2CF1-4867-89B5-695EEB54C532}.Release|Any CPU.ActiveCfg = Release|Any CPU
		{80D4CB9A-2CF1-4867-89B5-695EEB54C532}.Release|Any CPU.Build.0 = Release|Any CPU
	EndGlobalSection
	GlobalSection(SolutionProperties) = preSolution
		HideSolutionNode = FALSE
	EndGlobalSection
EndGlobal
